
Microsoft Visual Studio Solution File, Format Version 12.00
# Visual Studio Express 14 for Windows Desktop
VisualStudioVersion = 14.0.23107.0
MinimumVisualStudioVersion = 10.0.40219.1
Project("{8BC9CEB8-8B4A-11D0-8D11-00A0C91BC942}") = "Lab 06a Write a Linked Array Class Template", "Lab 06a Write a Linked Array Class Template\Lab 06a Write a Linked Array Class Template.vcxproj", "{19F4780E-4A2C-4C14-9280-C7CC314024D0}"
EndProject
Global
	GlobalSection(SolutionConfigurationPlatforms) = preSolution
		Debug|x64 = Debug|x64
		Debug|x86 = Debug|x86
		Release|x64 = Release|x64
		Release|x86 = Release|x86
	EndGlobalSection
	GlobalSection(ProjectConfigurationPlatforms) = postSolution
		{19F4780E-4A2C-4C14-9280-C7CC314024D0}.Debug|x64.ActiveCfg = Debug|x64
		{19F4780E-4A2C-4C14-9280-C7CC314024D0}.Debug|x64.Build.0 = Debug|x64
		{19F4780E-4A2C-4C14-9280-C7CC314024D0}.Debug|x86.ActiveCfg = Debug|Win32
		{19F4780E-4A2C-4C14-9280-C7CC314024D0}.Debug|x86.Build.0 = Debug|Win32
		{19F4780E-4A2C-4C14-9280-C7CC314024D0}.Release|x64.ActiveCfg = Release|x64
		{19F4780E-4A2C-4C14-9280-C7CC314024D0}.Release|x64.Build.0 = Release|x64
		{19F4780E-4A2C-4C14-9280-C7CC314024D0}.Release|x86.ActiveCfg = Release|Win32
		{19F4780E-4A2C-4C14-9280-C7CC314024D0}.Release|x86.Build.0 = Release|Win32
	EndGlobalSection
	GlobalSection(SolutionProperties) = preSolution
		HideSolutionNode = FALSE
	EndGlobalSection
EndGlobal
